{
  "name": "hypns-did-manager",
  "version": "0.0.4",
  "lockfileVersion": 2,
  "requires": true,
  "packages": {
    "": {
      "version": "0.0.4",
      "license": "MIT",
      "dependencies": {
        "@stablelib/ed25519": "^1.0.1",
        "simple-did-wallet": "DougAnderson444/simple-did-wallet"
      }
    },
    "node_modules/@stablelib/aes": {
      "version": "1.0.0",
      "resolved": "https://registry.npmjs.org/@stablelib/aes/-/aes-1.0.0.tgz",
      "integrity": "sha512-nB6rZxdrbk6dmrHyzEW7u0VOUp1OEYSUmVw8FhAtR6Q91w5MGvwKOpeSoEUWkDLSWy/Hnaem9mV5lzMQJapIig==",
      "dependencies": {
        "@stablelib/binary": "^1.0.0",
        "@stablelib/blockcipher": "^1.0.0",
        "@stablelib/wipe": "^1.0.0"
      }
    },
    "node_modules/@stablelib/base64": {
      "version": "1.0.0",
      "resolved": "https://registry.npmjs.org/@stablelib/base64/-/base64-1.0.0.tgz",
      "integrity": "sha512-s/wTc/3+vYSalh4gfayJrupzhT7SDBqNtiYOeEMlkSDqL/8cExh5FAeTzLpmYq+7BLLv36EjBL5xrb0bUHWJWQ==",
      "license": "MIT"
    },
    "node_modules/@stablelib/binary": {
      "version": "1.0.0",
      "resolved": "https://registry.npmjs.org/@stablelib/binary/-/binary-1.0.0.tgz",
      "integrity": "sha512-W01QhOw1tWL51Du1c5JZphJs7toRbfra1C2DBlhT0mRHZWGWB1hpFbqiZUFY7QNIMUpmmHLrlZs3YsSCB/giUg==",
      "dependencies": {
        "@stablelib/int": "^1.0.0"
      }
    },
    "node_modules/@stablelib/blockcipher": {
      "version": "1.0.0",
      "resolved": "https://registry.npmjs.org/@stablelib/blockcipher/-/blockcipher-1.0.0.tgz",
      "integrity": "sha512-IQVA3XwCrXb2alpNm4L/MkHkR19f7kH3WmT1oJN6AZWnC7R0vNWKdxnf+4YyHSKisvXThwmyecLMGO+VSdRsDg=="
    },
    "node_modules/@stablelib/ed25519": {
      "version": "1.0.1",
      "resolved": "https://registry.npmjs.org/@stablelib/ed25519/-/ed25519-1.0.1.tgz",
      "integrity": "sha512-kvC98vkJeertRj37yqTcjOwUVYWQ0jcywxxWpeuTal5ZNgH7EcbljtQYECA2Pi2N0zNG0a0AjSD2Q2DFcUxRjQ==",
      "dependencies": {
        "@stablelib/random": "^1.0.0",
        "@stablelib/sha512": "^1.0.0",
        "@stablelib/wipe": "^1.0.0"
      }
    },
    "node_modules/@stablelib/hash": {
      "version": "1.0.0",
      "resolved": "https://registry.npmjs.org/@stablelib/hash/-/hash-1.0.0.tgz",
      "integrity": "sha512-wBvSIIx4Y8799BRD4TBhezS1P9+irGAKdsNgbZMeU5ndMbw7BtZALdCm0FcJIRFxJ2giPLPS9YCgrwWAhzSRLQ=="
    },
    "node_modules/@stablelib/hex": {
      "version": "1.0.0",
      "resolved": "https://registry.npmjs.org/@stablelib/hex/-/hex-1.0.0.tgz",
      "integrity": "sha512-EJ9oGiuaFw/Y0cBATTxo73sgqOgdnSmZ9ftU9FND9SD51OM8wvAfS78uPy3oBNmLWc/sZK5twMbEFf/A4T2F8A=="
    },
    "node_modules/@stablelib/int": {
      "version": "1.0.0",
      "resolved": "https://registry.npmjs.org/@stablelib/int/-/int-1.0.0.tgz",
      "integrity": "sha512-MRigEQCO7xM93nZqW4CbIBjhANGw3jJxGVSUZH3PQ6HWL1IGrFWVDBzIclWxl4l5aRRpqoM+76ellQNdUJPnsA=="
    },
    "node_modules/@stablelib/random": {
      "version": "1.0.0",
      "resolved": "https://registry.npmjs.org/@stablelib/random/-/random-1.0.0.tgz",
      "integrity": "sha512-G9vwwKrNCGMI/uHL6XeWe2Nk4BuxkYyWZagGaDU9wrsuV+9hUwNI1lok2WVo8uJDa2zx7ahNwN7Ij983hOUFEw==",
      "dependencies": {
        "@stablelib/binary": "^1.0.0",
        "@stablelib/wipe": "^1.0.0"
      }
    },
    "node_modules/@stablelib/sha256": {
      "version": "1.0.0",
      "resolved": "https://registry.npmjs.org/@stablelib/sha256/-/sha256-1.0.0.tgz",
      "integrity": "sha512-+IEzCXO6HSyYWV+5TqdFjcUYgkebdiadzRtMXJg6ia68WQm2xHpABl5t0vVdtvgTlw7matBRhImunAHUFIAEUg==",
      "dependencies": {
        "@stablelib/binary": "^1.0.0",
        "@stablelib/hash": "^1.0.0",
        "@stablelib/wipe": "^1.0.0"
      }
    },
    "node_modules/@stablelib/sha512": {
      "version": "1.0.0",
      "resolved": "https://registry.npmjs.org/@stablelib/sha512/-/sha512-1.0.0.tgz",
      "integrity": "sha512-qvUu5SraAdGa8HAkAasfMyD9C+MwlRnFVRJ6cRxAEIekmDsU3tfGLnUm3wb9ao4t0FkihGrj8GKlV82TTR4Phw==",
      "dependencies": {
        "@stablelib/binary": "^1.0.0",
        "@stablelib/hash": "^1.0.0",
        "@stablelib/wipe": "^1.0.0"
      }
    },
    "node_modules/@stablelib/wipe": {
      "version": "1.0.0",
      "resolved": "https://registry.npmjs.org/@stablelib/wipe/-/wipe-1.0.0.tgz",
      "integrity": "sha512-0Fd4MQCbEh8OFSO+gG7wBXok7yRC3w+xe/wWM8KNye7EGoHr4BTFZNWV/1xAn2r8/gyFKxPXT8uxXRzDzGq6rg=="
    },
    "node_modules/base64url": {
      "version": "3.0.1",
      "resolved": "https://registry.npmjs.org/base64url/-/base64url-3.0.1.tgz",
      "integrity": "sha512-ir1UPr3dkwexU7FdV8qBBbNDRUhMmIekYMFZfi+C/sLNnRESKPl23nB9b2pltqfOQNnGzsDdId90AEtG5tCx4A==",
      "engines": {
        "node": ">=6.0.0"
      }
    },
    "node_modules/jsonschema": {
      "version": "1.4.0",
      "resolved": "https://registry.npmjs.org/jsonschema/-/jsonschema-1.4.0.tgz",
      "integrity": "sha512-/YgW6pRMr6M7C+4o8kS+B/2myEpHCrxO4PEWnqJNBFMjn7EWXqlQ4tGwL6xTHeRplwuZmcAncdvfOad1nT2yMw==",
      "engines": {
        "node": "*"
      }
    },
    "node_modules/lodash": {
      "version": "4.17.21",
      "resolved": "https://registry.npmjs.org/lodash/-/lodash-4.17.21.tgz",
      "integrity": "sha512-v2kDEe57lecTulaDIuNTPy3Ry4gLGJ6Z1O3vE1krgXZNrsQ+LFTGHVxVjcXPs17LhbZVGedAJv8XZ1tvj5FvSg=="
    },
    "node_modules/lodash-es": {
      "version": "4.17.21",
      "resolved": "https://registry.npmjs.org/lodash-es/-/lodash-es-4.17.21.tgz",
      "integrity": "sha512-mKnC+QJ9pWVzv+C4/U3rRsHapFfHvQFoFB92e52xeyGMcX6/OlIl78je1u8vePzYZSkkogMPJ2yjxxsb89cxyw=="
    },
    "node_modules/simple-did-wallet": {
      "version": "0.0.2",
      "resolved": "git+ssh://git@github.com/DougAnderson444/simple-did-wallet.git#bcffc9bbd1faa31d321084374500370010aeb9d1",
      "license": "Apache-2",
      "dependencies": {
        "@stablelib/aes": "^1.0.0",
        "@stablelib/base64": "^1.0.0",
        "@stablelib/hex": "^1.0.0",
        "@stablelib/sha256": "^1.0.0",
        "base64url": "^3.0.1",
        "jsonschema": "^1.2.4",
        "lodash": "^4.17.15",
        "lodash-es": "^4.17.21"
      }
    }
  },
  "dependencies": {
    "@stablelib/aes": {
      "version": "1.0.0",
      "resolved": "https://registry.npmjs.org/@stablelib/aes/-/aes-1.0.0.tgz",
      "integrity": "sha512-nB6rZxdrbk6dmrHyzEW7u0VOUp1OEYSUmVw8FhAtR6Q91w5MGvwKOpeSoEUWkDLSWy/Hnaem9mV5lzMQJapIig==",
      "requires": {
        "@stablelib/binary": "^1.0.0",
        "@stablelib/blockcipher": "^1.0.0",
        "@stablelib/wipe": "^1.0.0"
      }
    },
    "@stablelib/base64": {
      "version": "1.0.0",
      "resolved": "https://registry.npmjs.org/@stablelib/base64/-/base64-1.0.0.tgz",
      "integrity": "sha512-s/wTc/3+vYSalh4gfayJrupzhT7SDBqNtiYOeEMlkSDqL/8cExh5FAeTzLpmYq+7BLLv36EjBL5xrb0bUHWJWQ=="
    },
    "@stablelib/binary": {
      "version": "1.0.0",
      "resolved": "https://registry.npmjs.org/@stablelib/binary/-/binary-1.0.0.tgz",
      "integrity": "sha512-W01QhOw1tWL51Du1c5JZphJs7toRbfra1C2DBlhT0mRHZWGWB1hpFbqiZUFY7QNIMUpmmHLrlZs3YsSCB/giUg==",
      "requires": {
        "@stablelib/int": "^1.0.0"
      }
    },
    "@stablelib/blockcipher": {
      "version": "1.0.0",
      "resolved": "https://registry.npmjs.org/@stablelib/blockcipher/-/blockcipher-1.0.0.tgz",
      "integrity": "sha512-IQVA3XwCrXb2alpNm4L/MkHkR19f7kH3WmT1oJN6AZWnC7R0vNWKdxnf+4YyHSKisvXThwmyecLMGO+VSdRsDg=="
    },
    "@stablelib/ed25519": {
      "version": "1.0.1",
      "resolved": "https://registry.npmjs.org/@stablelib/ed25519/-/ed25519-1.0.1.tgz",
      "integrity": "sha512-kvC98vkJeertRj37yqTcjOwUVYWQ0jcywxxWpeuTal5ZNgH7EcbljtQYECA2Pi2N0zNG0a0AjSD2Q2DFcUxRjQ==",
      "requires": {
        "@stablelib/random": "^1.0.0",
        "@stablelib/sha512": "^1.0.0",
        "@stablelib/wipe": "^1.0.0"
      }
    },
    "@stablelib/hash": {
      "version": "1.0.0",
      "resolved": "https://registry.npmjs.org/@stablelib/hash/-/hash-1.0.0.tgz",
      "integrity": "sha512-wBvSIIx4Y8799BRD4TBhezS1P9+irGAKdsNgbZMeU5ndMbw7BtZALdCm0FcJIRFxJ2giPLPS9YCgrwWAhzSRLQ=="
    },
    "@stablelib/hex": {
      "version": "1.0.0",
      "resolved": "https://registry.npmjs.org/@stablelib/hex/-/hex-1.0.0.tgz",
      "integrity": "sha512-EJ9oGiuaFw/Y0cBATTxo73sgqOgdnSmZ9ftU9FND9SD51OM8wvAfS78uPy3oBNmLWc/sZK5twMbEFf/A4T2F8A=="
    },
    "@stablelib/int": {
      "version": "1.0.0",
      "resolved": "https://registry.npmjs.org/@stablelib/int/-/int-1.0.0.tgz",
      "integrity": "sha512-MRigEQCO7xM93nZqW4CbIBjhANGw3jJxGVSUZH3PQ6HWL1IGrFWVDBzIclWxl4l5aRRpqoM+76ellQNdUJPnsA=="
    },
    "@stablelib/random": {
      "version": "1.0.0",
      "resolved": "https://registry.npmjs.org/@stablelib/random/-/random-1.0.0.tgz",
      "integrity": "sha512-G9vwwKrNCGMI/uHL6XeWe2Nk4BuxkYyWZagGaDU9wrsuV+9hUwNI1lok2WVo8uJDa2zx7ahNwN7Ij983hOUFEw==",
      "requires": {
        "@stablelib/binary": "^1.0.0",
        "@stablelib/wipe": "^1.0.0"
      }
    },
    "@stablelib/sha256": {
      "version": "1.0.0",
      "resolved": "https://registry.npmjs.org/@stablelib/sha256/-/sha256-1.0.0.tgz",
      "integrity": "sha512-+IEzCXO6HSyYWV+5TqdFjcUYgkebdiadzRtMXJg6ia68WQm2xHpABl5t0vVdtvgTlw7matBRhImunAHUFIAEUg==",
      "requires": {
        "@stablelib/binary": "^1.0.0",
        "@stablelib/hash": "^1.0.0",
        "@stablelib/wipe": "^1.0.0"
      }
    },
    "@stablelib/sha512": {
      "version": "1.0.0",
      "resolved": "https://registry.npmjs.org/@stablelib/sha512/-/sha512-1.0.0.tgz",
      "integrity": "sha512-qvUu5SraAdGa8HAkAasfMyD9C+MwlRnFVRJ6cRxAEIekmDsU3tfGLnUm3wb9ao4t0FkihGrj8GKlV82TTR4Phw==",
      "requires": {
        "@stablelib/binary": "^1.0.0",
        "@stablelib/hash": "^1.0.0",
        "@stablelib/wipe": "^1.0.0"
      }
    },
    "@stablelib/wipe": {
      "version": "1.0.0",
      "resolved": "https://registry.npmjs.org/@stablelib/wipe/-/wipe-1.0.0.tgz",
      "integrity": "sha512-0Fd4MQCbEh8OFSO+gG7wBXok7yRC3w+xe/wWM8KNye7EGoHr4BTFZNWV/1xAn2r8/gyFKxPXT8uxXRzDzGq6rg=="
    },
    "base64url": {
      "version": "3.0.1",
      "resolved": "https://registry.npmjs.org/base64url/-/base64url-3.0.1.tgz",
      "integrity": "sha512-ir1UPr3dkwexU7FdV8qBBbNDRUhMmIekYMFZfi+C/sLNnRESKPl23nB9b2pltqfOQNnGzsDdId90AEtG5tCx4A=="
    },
    "jsonschema": {
      "version": "1.4.0",
      "resolved": "https://registry.npmjs.org/jsonschema/-/jsonschema-1.4.0.tgz",
      "integrity": "sha512-/YgW6pRMr6M7C+4o8kS+B/2myEpHCrxO4PEWnqJNBFMjn7EWXqlQ4tGwL6xTHeRplwuZmcAncdvfOad1nT2yMw=="
    },
    "lodash": {
      "version": "4.17.21",
      "resolved": "https://registry.npmjs.org/lodash/-/lodash-4.17.21.tgz",
      "integrity": "sha512-v2kDEe57lecTulaDIuNTPy3Ry4gLGJ6Z1O3vE1krgXZNrsQ+LFTGHVxVjcXPs17LhbZVGedAJv8XZ1tvj5FvSg=="
    },
    "lodash-es": {
      "version": "4.17.21",
      "resolved": "https://registry.npmjs.org/lodash-es/-/lodash-es-4.17.21.tgz",
      "integrity": "sha512-mKnC+QJ9pWVzv+C4/U3rRsHapFfHvQFoFB92e52xeyGMcX6/OlIl78je1u8vePzYZSkkogMPJ2yjxxsb89cxyw=="
    },
    "simple-did-wallet": {
      "version": "git+ssh://git@github.com/DougAnderson444/simple-did-wallet.git#bcffc9bbd1faa31d321084374500370010aeb9d1",
      "from": "simple-did-wallet@DougAnderson444/simple-did-wallet",
      "requires": {
        "@stablelib/aes": "^1.0.0",
        "@stablelib/base64": "^1.0.0",
        "@stablelib/hex": "^1.0.0",
        "@stablelib/sha256": "^1.0.0",
        "base64url": "^3.0.1",
        "jsonschema": "^1.2.4",
        "lodash": "^4.17.15",
        "lodash-es": "^4.17.21"
      }
    }
  }
}
